github.com/alyu/configparser v0.0.0-20191103060215-744e9a66e7bc h1:eN2FUvn4J1A31pICABioDYukoh1Tmlei6L3ImZUin/I=
github.com/alyu/configparser v0.0.0-20191103060215-744e9a66e7bc/go.mod h1:BYq/NZTroWuzkvsTPJgRBqSHGxKMHCz06gtlfY/W5RU=
github.com/aws/aws-sdk-go v1.36.21 h1:7CcrvoPUYex6CVeEK7/UZlYx5/AcVCWrl1FsX7fVvFw=
github.com/aws/aws-sdk-go v1.36.21/go.mod h1:hcU610XS61/+aQV88ixoOzUoG7v3b31pl2zKMmprdro=
github.com/aws/aws-sdk-go v1.36.23 h1:umM44ptMKImsUWLtjGBv/4Ut7Nd99DfqoZDkO0j0/Kc=
github.com/aws/aws-sdk-go v1.36.23/go.mod h1:hcU610XS61/+aQV88ixoOzUoG7v3b31pl2zKMmprdro=
github.com/aws/aws-sdk-go v1.37.1 h1:BTHmuN+gzhxkvU9sac2tZvaY0gV9ihbHw+KxZOecYvY=
github.com/aws/aws-sdk-go v1.37.1/go.mod h1:hcU610XS61/+aQV88ixoOzUoG7v3b31pl2zKMmprdro=
github.com/aws/aws-sdk-go v1.37.8 h1:9kywcbuz6vQuTf+FD+U7FshafrHzmqUCjgAEiLuIJ8U=
github.com/aws/aws-sdk-go v1.37.8/go.mod h1:hcU610XS61/+aQV88ixoOzUoG7v3b31pl2zKMmprdro=
github.com/aws/aws-sdk-go v1.37.9 h1:sgRbr+heubkgSwkn9fQMF80l9xjXkmhzk9DLdsaYh+c=
github.com/aws/aws-sdk-go v1.37.9/go.mod h1:hcU610XS61/+aQV88ixoOzUoG7v3b31pl2zKMmprdro=
github.com/aws/aws-sdk-go v1.37.10 h1:LRwl+97B4D69Z7tz+eRUxJ1C7baBaIYhgrn5eLtua+Q=
github.com/aws/aws-sdk-go v1.37.10/go.mod h1:hcU610XS61/+aQV88ixoOzUoG7v3b31pl2zKMmprdro=
github.com/aws/aws-sdk-go v1.37.11/go.mod h1:hcU610XS61/+aQV88ixoOzUoG7v3b31pl2zKMmprdro=
github.com/aws/aws-sdk-go v1.37.12 h1:rPdjZTlzHn+sbLEO+i535g+WpGf7QBDLYI7rDok+FHo=
github.com/aws/aws-sdk-go v1.37.12/go.mod h1:hcU610XS61/+aQV88ixoOzUoG7v3b31pl2zKMmprdro=
github.com/aws/aws-sdk-go v1.37.13 h1:7w1gJHJdpMfv+JbedCeOkQrYu46k0j01ULpv7oLfb3U=
github.com/aws/aws-sdk-go v1.37.13/go.mod h1:hcU610XS61/+aQV88ixoOzUoG7v3b31pl2zKMmprdro=
github.com/aws/aws-sdk-go v1.37.14 h1:thuR1hd1doCvsaMDYDMhqCGSmw39bSvZaw+DPGhMm5w=
github.com/aws/aws-sdk-go v1.37.14/go.mod h1:hcU610XS61/+aQV88ixoOzUoG7v3b31pl2zKMmprdro=
github.com/aws/aws-sdk-go v1.37.15 h1:W7l7gLLMcYRlg6a+uvf3Zz4jYwdqYzhe5ymqwWoOhp4=
github.com/aws/aws-sdk-go v1.37.15/go.mod h1:hcU610XS61/+aQV88ixoOzUoG7v3b31pl2zKMmprdro=
github.com/aws/aws-sdk-go v1.37.16/go.mod h1:hcU610XS61/+aQV88ixoOzUoG7v3b31pl2zKMmprdro=
github.com/aws/aws-sdk-go v1.37.17 h1:Ga33kM38f58l7X+Z2B6JNdz9dFqxjR8AXHBbK3bXYc0=
github.com/aws/aws-sdk-go v1.37.17/go.mod h1:hcU610XS61/+aQV88ixoOzUoG7v3b31pl2zKMmprdro=
github.com/aws/aws-sdk-go v1.37.18 h1:SRdWLg+DqMFWX8HB3UvXyAoZpw9IDIUYnSTwgzOYbqg=
github.com/aws/aws-sdk-go v1.37.18/go.mod h1:hcU610XS61/+aQV88ixoOzUoG7v3b31pl2zKMmprdro=
github.com/aws/aws-sdk-go v1.37.19 h1:/xKHoSsYfH9qe16pJAHIjqTVpMM2DRSsEt8Ok1bzYiw=
github.com/aws/aws-sdk-go v1.37.19/go.mod h1:hcU610XS61/+aQV88ixoOzUoG7v3b31pl2zKMmprdro=
github.com/aws/aws-sdk-go v1.37.20/go.mod h1:hcU610XS61/+aQV88ixoOzUoG7v3b31pl2zKMmprdro=
github.com/aws/aws-sdk-go v1.37.21 h1:h3DUhpeOT0TQIwaSzXsBl+jwppfNR/Pc2T5k3SHVKPA=
github.com/aws/aws-sdk-go v1.37.21/go.mod h1:hcU610XS61/+aQV88ixoOzUoG7v3b31pl2zKMmprdro=
github.com/aws/aws-sdk-go v1.37.22 h1:cyZp8TvUbH9rrShdrwULtCj4pB5szddrw9aKHUsw1Ic=
github.com/aws/aws-sdk-go v1.37.22/go.mod h1:hcU610XS61/+aQV88ixoOzUoG7v3b31pl2zKMmprdro=
github.com/aws/aws-sdk-go v1.37.23 h1:bO80NcSmRv52w+GFpBegoLdlP/Z0OwUqQ9bbeCLCy/0=
github.com/aws/aws-sdk-go v1.37.23/go.mod h1:hcU610XS61/+aQV88ixoOzUoG7v3b31pl2zKMmprdro=
github.com/aws/aws-sdk-go v1.37.24/go.mod h1:hcU610XS61/+aQV88ixoOzUoG7v3b31pl2zKMmprdro=
github.com/aws/aws-sdk-go v1.37.25 h1:q1C/ILIVusSmqgWG4tFU0uVt3Zm+1I3L2BmNCd2Ug4Q=
github.com/aws/aws-sdk-go v1.37.25/go.mod h1:hcU610XS61/+aQV88ixoOzUoG7v3b31pl2zKMmprdro=
github.com/aws/aws-sdk-go v1.37.26 h1:D9Qvyjlr6xFR0CspZ0imdASc5Y1WE/Sgyte4l+cUp44=
github.com/aws/aws-sdk-go v1.37.26/go.mod h1:hcU610XS61/+aQV88ixoOzUoG7v3b31pl2zKMmprdro=
github.com/aws/aws-sdk-go v1.37.27 h1:zh+56ktUEUjA5lMsolBnjVDaYOWadwCwx1DMF7tFM8Y=
github.com/aws/aws-sdk-go v1.37.27/go.mod h1:hcU610XS61/+aQV88ixoOzUoG7v3b31pl2zKMmprdro=
github.com/aws/aws-sdk-go v1.37.28/go.mod h1:hcU610XS61/+aQV88ixoOzUoG7v3b31pl2zKMmprdro=
github.com/aws/aws-sdk-go v1.37.29 h1:OlePDQg2idesIZKPy8egpN51RIF3DHhtREnvgNpTZhE=
github.com/aws/aws-sdk-go v1.37.29/go.mod h1:hcU610XS61/+aQV88ixoOzUoG7v3b31pl2zKMmprdro=
github.com/aws/aws-sdk-go v1.37.30 h1:fZeVg3QuTkWE/dEvPQbK6AL32+3G9ofJfGFSPS1XLH0=
github.com/aws/aws-sdk-go v1.37.30/go.mod h1:hcU610XS61/+aQV88ixoOzUoG7v3b31pl2zKMmprdro=
github.com/aws/aws-sdk-go v1.37.32 h1:gLEASuX1phzqb00APUZU/xVIqf13IoA250RlgQ9rz28=
github.com/aws/aws-sdk-go v1.37.32/go.mod h1:hcU610XS61/+aQV88ixoOzUoG7v3b31pl2zKMmprdro=
github.com/aws/aws-sdk-go v1.37.33 h1:bAzhEFOh/UKC2e1QwlUA4klDc6EdV0j0AcnzgeGzifU=
github.com/aws/aws-sdk-go v1.37.33/go.mod h1:hcU610XS61/+aQV88ixoOzUoG7v3b31pl2zKMmprdro=
github.com/aws/aws-sdk-go v1.38.0/go.mod h1:hcU610XS61/+aQV88ixoOzUoG7v3b31pl2zKMmprdro=
github.com/aws/aws-sdk-go v1.38.1 h1:dVtNY7+5CtiRfAbEVxm5NgL5Xol8AMNoAf6TkyhDq1I=
github.com/aws/aws-sdk-go v1.38.1/go.mod h1:hcU610XS61/+aQV88ixoOzUoG7v3b31pl2zKMmprdro=
github.com/aws/aws-sdk-go v1.38.2 h1:qUXZReQck3SdPwMN3HnNk1Mgq2jJJ2T7V+790HthW4g=
github.com/aws/aws-sdk-go v1.38.2/go.mod h1:hcU610XS61/+aQV88ixoOzUoG7v3b31pl2zKMmprdro=
github.com/aws/aws-sdk-go v1.38.3 h1:QCL/le04oAz2jELMRSuJVjGT7H+4hhoQc66eMPCfU/k=
github.com/aws/aws-sdk-go v1.38.3/go.mod h1:hcU610XS61/+aQV88ixoOzUoG7v3b31pl2zKMmprdro=
github.com/aws/aws-sdk-go v1.38.4/go.mod h1:hcU610XS61/+aQV88ixoOzUoG7v3b31pl2zKMmprdro=
github.com/aws/aws-sdk-go v1.38.5/go.mod h1:hcU610XS61/+aQV88ixoOzUoG7v3b31pl2zKMmprdro=
github.com/aws/aws-sdk-go v1.38.6 h1:h0AKIaz/A1kEJ50HxCv7tL1GW+KbxYbp75+lZ/nvFOI=
github.com/aws/aws-sdk-go v1.38.6/go.mod h1:hcU610XS61/+aQV88ixoOzUoG7v3b31pl2zKMmprdro=
github.com/aws/aws-sdk-go v1.38.7/go.mod h1:hcU610XS61/+aQV88ixoOzUoG7v3b31pl2zKMmprdro=
github.com/aws/aws-sdk-go v1.38.8 h1:rQz2XmTYIdO7FUvLF2Nd1+a7nqzAhnm0bphbhlgDdGw=
github.com/aws/aws-sdk-go v1.38.8/go.mod h1:hcU610XS61/+aQV88ixoOzUoG7v3b31pl2zKMmprdro=
github.com/aws/aws-sdk-go v1.38.9/go.mod h1:hcU610XS61/+aQV88ixoOzUoG7v3b31pl2zKMmprdro=
github.com/aws/aws-sdk-go v1.38.10 h1:7lQrjAlyYrTGW2+9vnBv5HPSSuv+xDMmgU1YUnNSOOo=
github.com/aws/aws-sdk-go v1.38.10/go.mod h1:hcU610XS61/+aQV88ixoOzUoG7v3b31pl2zKMmprdro=
github.com/aws/aws-sdk-go v1.38.11/go.mod h1:hcU610XS61/+aQV88ixoOzUoG7v3b31pl2zKMmprdro=
github.com/aws/aws-sdk-go v1.38.12 h1:khtODkUna3iF53Cg3dCF4e6oWgrAEbZDU4x1aq+G0WY=
github.com/aws/aws-sdk-go v1.38.12/go.mod h1:hcU610XS61/+aQV88ixoOzUoG7v3b31pl2zKMmprdro=
github.com/aws/aws-sdk-go v1.38.13 h1:ICZ8czsU+nrx6cOXfI/xA4ZZEOekCIZs2+nsaDWxw84=
github.com/aws/aws-sdk-go v1.38.13/go.mod h1:hcU610XS61/+aQV88ixoOzUoG7v3b31pl2zKMmprdro=
github.com/aws/aws-sdk-go v1.38.14 h1:MpFh9HN9zJwdyRPSZQpZQDP/I1pqHlKhNLxRJsX5nlw=
github.com/aws/aws-sdk-go v1.38.14/go.mod h1:hcU610XS61/+aQV88ixoOzUoG7v3b31pl2zKMmprdro=
github.com/aws/aws-sdk-go v1.38.15 h1:usaPeqoxFUzy0FfBLZLZHya5Kv2cpURjb1jqCa7+odA=
github.com/aws/aws-sdk-go v1.38.15/go.mod h1:hcU610XS61/+aQV88ixoOzUoG7v3b31pl2zKMmprdro=
github.com/aws/aws-sdk-go v1.38.16 h1:f3Ud109zknkqsBAY8Ai7lJnqCSijzs6S2Bk4GNxHg+k=
github.com/aws/aws-sdk-go v1.38.16/go.mod h1:hcU610XS61/+aQV88ixoOzUoG7v3b31pl2zKMmprdro=
github.com/aws/aws-sdk-go v1.38.17 h1:1OfcfEtNrphUZYa+J0U35/1hxePbb3ASSQWdFS7L0Hs=
github.com/aws/aws-sdk-go v1.38.17/go.mod h1:hcU610XS61/+aQV88ixoOzUoG7v3b31pl2zKMmprdro=
github.com/aws/aws-sdk-go v1.38.18 h1:Y5W5siOHoiZbCHQcoEiih267L21sbw1FW+2Vdlq9dlU=
github.com/aws/aws-sdk-go v1.38.18/go.mod h1:hcU610XS61/+aQV88ixoOzUoG7v3b31pl2zKMmprdro=
github.com/aws/aws-sdk-go v1.38.19 h1:eg7LfiWRNYjbeS+w2+lHwZOKIgnh0NdYr6LkakZ112Y=
github.com/aws/aws-sdk-go v1.38.19/go.mod h1:hcU610XS61/+aQV88ixoOzUoG7v3b31pl2zKMmprdro=
github.com/aws/aws-sdk-go v1.38.20 h1:QbzNx/tdfATbdKfubBpkt84OM6oBkxQZRw6+bW2GyeA=
github.com/aws/aws-sdk-go v1.38.20/go.mod h1:hcU610XS61/+aQV88ixoOzUoG7v3b31pl2zKMmprdro=
github.com/aws/aws-sdk-go v1.38.21 h1:D08DXWI4QRaawLaW+OtsIEClOI90I6eheJs1GwXTQVI=
github.com/aws/aws-sdk-go v1.38.21/go.mod h1:hcU610XS61/+aQV88ixoOzUoG7v3b31pl2zKMmprdro=
github.com/aws/aws-sdk-go v1.38.22 h1:hJwaMazDt7EP4Rz/T4RQmdchWWv+YB3+/i6AOUWjVL0=
github.com/aws/aws-sdk-go v1.38.22/go.mod h1:hcU610XS61/+aQV88ixoOzUoG7v3b31pl2zKMmprdro=
github.com/aws/aws-sdk-go v1.38.23 h1:lSLWSu2itm9eH45iwiFCdcjFyU7Ec0oS0CNHr+/mVek=
github.com/aws/aws-sdk-go v1.38.23/go.mod h1:hcU610XS61/+aQV88ixoOzUoG7v3b31pl2zKMmprdro=
github.com/aws/aws-sdk-go v1.38.24 h1:zbKHDxFepE77ihVMZ+wZ62Ci646zkorN8rB5s4fj4kU=
github.com/aws/aws-sdk-go v1.38.24/go.mod h1:hcU610XS61/+aQV88ixoOzUoG7v3b31pl2zKMmprdro=
github.com/aws/aws-sdk-go v1.38.25 h1:aNjeh7+MON05cZPtZ6do+KxVT67jPOSQXANA46gOQao=
github.com/aws/aws-sdk-go v1.38.25/go.mod h1:hcU610XS61/+aQV88ixoOzUoG7v3b31pl2zKMmprdro=
github.com/aws/aws-sdk-go v1.38.26 h1:xHABHMEb/00NydXFy/2Lo+7yIgxGxN/6Fvll3l1Nwnc=
github.com/aws/aws-sdk-go v1.38.26/go.mod h1:hcU610XS61/+aQV88ixoOzUoG7v3b31pl2zKMmprdro=
github.com/aws/aws-sdk-go v1.38.27 h1:jQAUnMGWH33STZ7djdeSlNlXZf/Jhuij9172x7U5/HE=
github.com/aws/aws-sdk-go v1.38.27/go.mod h1:hcU610XS61/+aQV88ixoOzUoG7v3b31pl2zKMmprdro=
github.com/aws/aws-sdk-go v1.38.28 h1:2ZzgEupSluR18ClxUnHwXKyuADheZpMblXRAsHqF0tI=
github.com/aws/aws-sdk-go v1.38.28/go.mod h1:hcU610XS61/+aQV88ixoOzUoG7v3b31pl2zKMmprdro=
github.com/aws/aws-sdk-go v1.38.29 h1:Go3a0Bw3V12he3XuefJsZ1CICn1wjmn6lp+FjICQR2w=
github.com/aws/aws-sdk-go v1.38.29/go.mod h1:hcU610XS61/+aQV88ixoOzUoG7v3b31pl2zKMmprdro=
github.com/aws/aws-sdk-go v1.38.30 h1:X+JDSwkpSQfoLqH4fBLmS0rou8W/cdCCCD5lntTk9Vs=
github.com/aws/aws-sdk-go v1.38.30/go.mod h1:hcU610XS61/+aQV88ixoOzUoG7v3b31pl2zKMmprdro=
github.com/aws/aws-sdk-go v1.38.31 h1:iGTU2dctGX5SsFverLkQQzqLhcb56NnixoaOOZrXjJQ=
github.com/aws/aws-sdk-go v1.38.31/go.mod h1:hcU610XS61/+aQV88ixoOzUoG7v3b31pl2zKMmprdro=
github.com/aws/aws-sdk-go v1.38.32 h1:oA8gAVtpBNXhD91Xsx0IdRF+S7ghHaMhYdff2JiO+lk=
github.com/aws/aws-sdk-go v1.38.32/go.mod h1:hcU610XS61/+aQV88ixoOzUoG7v3b31pl2zKMmprdro=
github.com/aws/aws-sdk-go v1.38.33 h1:JOYAlDsN2jGwstrW7cPvhxUyAjq2tmt3g1Sln64zu8w=
github.com/aws/aws-sdk-go v1.38.33/go.mod h1:hcU610XS61/+aQV88ixoOzUoG7v3b31pl2zKMmprdro=
github.com/aws/aws-sdk-go v1.38.34 h1:JSAyS6hSDLbRmCAz9VAkwDf5oh/olt9mBTrVBWGJcU8=
github.com/aws/aws-sdk-go v1.38.34/go.mod h1:hcU610XS61/+aQV88ixoOzUoG7v3b31pl2zKMmprdro=
github.com/aws/aws-sdk-go v1.38.35 h1:7AlAO0FC+8nFjxiGKEmq0QLpiA8/XFr6eIxgRTwkdTg=
github.com/aws/aws-sdk-go v1.38.35/go.mod h1:hcU610XS61/+aQV88ixoOzUoG7v3b31pl2zKMmprdro=
github.com/aws/aws-sdk-go v1.38.36 h1:MiqzQY/IOFTX/jmGse7ThafD0eyOC4TrCLv2KY1v+bI=
github.com/aws/aws-sdk-go v1.38.36/go.mod h1:hcU610XS61/+aQV88ixoOzUoG7v3b31pl2zKMmprdro=
github.com/aws/aws-sdk-go v1.38.37 h1:Eh3/jog9t2NhGcOi086NRfRqVKduRXkaH6svI8yF1Jg=
github.com/aws/aws-sdk-go v1.38.37/go.mod h1:hcU610XS61/+aQV88ixoOzUoG7v3b31pl2zKMmprdro=
github.com/aws/aws-sdk-go v1.38.38 h1:onWHniFItFra8Wb2vTX2M6nNX3ESW2b/haVdjDlVIeA=
github.com/aws/aws-sdk-go v1.38.38/go.mod h1:hcU610XS61/+aQV88ixoOzUoG7v3b31pl2zKMmprdro=
github.com/aws/aws-sdk-go v1.38.39 h1:n4jkKlE3DfZBN800njuHmOEQlDht4aO/kE2VNk0/6T4=
github.com/aws/aws-sdk-go v1.38.39/go.mod h1:hcU610XS61/+aQV88ixoOzUoG7v3b31pl2zKMmprdro=
github.com/aws/aws-sdk-go v1.38.40 h1:VVqBFV24tGgXR11tFXPjmR+0ItbnUepbuQjdmhgu3U0=
github.com/aws/aws-sdk-go v1.38.40/go.mod h1:hcU610XS61/+aQV88ixoOzUoG7v3b31pl2zKMmprdro=
github.com/aws/aws-sdk-go v1.38.41 h1:2Q3XaEPmP2cxUB9D9w8kytQh2CSpbJtMKzMN42HMwEk=
github.com/aws/aws-sdk-go v1.38.41/go.mod h1:hcU610XS61/+aQV88ixoOzUoG7v3b31pl2zKMmprdro=
github.com/aws/aws-sdk-go v1.38.42 h1:94blpbGDe2q5e0Xoop7131uzI2CH2qitQoptSMrkJP8=
github.com/aws/aws-sdk-go v1.38.42/go.mod h1:hcU610XS61/+aQV88ixoOzUoG7v3b31pl2zKMmprdro=
github.com/aws/aws-sdk-go v1.38.43 h1:OKe9+Cdmrkhe0KXgpKhrDqidPhXQ4bv1FzzKnrmTJ5g=
github.com/aws/aws-sdk-go v1.38.43/go.mod h1:hcU610XS61/+aQV88ixoOzUoG7v3b31pl2zKMmprdro=
github.com/aws/aws-sdk-go v1.38.44 h1:4JI2x15bwtiVP7VRRLBEm5dgbMVaR4HS1SES9BmBp5I=
github.com/aws/aws-sdk-go v1.38.44/go.mod h1:hcU610XS61/+aQV88ixoOzUoG7v3b31pl2zKMmprdro=
github.com/aws/aws-sdk-go v1.38.45 h1:pQmv1vT/voRAjENnPsT4WobFBgLwnODDFogrt2kXc7M=
github.com/aws/aws-sdk-go v1.38.45/go.mod h1:hcU610XS61/+aQV88ixoOzUoG7v3b31pl2zKMmprdro=
github.com/aws/aws-sdk-go v1.38.46 h1:voiwaKmwU1K6Y0dfjqTSiy5xOG4LPyr5sHD92cj+g2c=
github.com/aws/aws-sdk-go v1.38.46/go.mod h1:hcU610XS61/+aQV88ixoOzUoG7v3b31pl2zKMmprdro=
github.com/aws/aws-sdk-go v1.38.47 h1:yWOz6zlDCiY3zvebYOZrI1LqCq6zWPWC5Cfe+mBcPos=
github.com/aws/aws-sdk-go v1.38.47/go.mod h1:hcU610XS61/+aQV88ixoOzUoG7v3b31pl2zKMmprdro=
github.com/aws/aws-sdk-go v1.38.48 h1:4kfX2KFjRaW0/p3rKBXA+QLOTH3gFUBg+ZoKMDkSSqk=
github.com/aws/aws-sdk-go v1.38.48/go.mod h1:hcU610XS61/+aQV88ixoOzUoG7v3b31pl2zKMmprdro=
github.com/aws/aws-sdk-go v1.38.49 h1:E31vxjCe6a5I+mJLmUGaZobiWmg9KdWaud9IfceYeYQ=
github.com/aws/aws-sdk-go v1.38.49/go.mod h1:hcU610XS61/+aQV88ixoOzUoG7v3b31pl2zKMmprdro=
github.com/aws/aws-sdk-go v1.38.50 h1:9+dEpZbgjBMeoOes6QfZMC87uDMwM8Lw4E79L0/rPZI=
github.com/aws/aws-sdk-go v1.38.50/go.mod h1:hcU610XS61/+aQV88ixoOzUoG7v3b31pl2zKMmprdro=
github.com/aws/aws-sdk-go v1.38.51 h1:aKQmbVbwOCuQSd8+fm/MR3bq0QOsu9Q7S+/QEND36oQ=
github.com/aws/aws-sdk-go v1.38.51/go.mod h1:hcU610XS61/+aQV88ixoOzUoG7v3b31pl2zKMmprdro=
github.com/aws/aws-sdk-go v1.38.52 h1:7NKcUyTG/CyDX835kq04DDNe8vXaJhbGW8ThemHb18A=
github.com/aws/aws-sdk-go v1.38.52/go.mod h1:hcU610XS61/+aQV88ixoOzUoG7v3b31pl2zKMmprdro=
github.com/aws/aws-sdk-go v1.38.53 h1:Qj5OvKPrDGTiCnWj+kwQXAlBO6OaFBH/WaRzJPZPg3w=
github.com/aws/aws-sdk-go v1.38.53/go.mod h1:hcU610XS61/+aQV88ixoOzUoG7v3b31pl2zKMmprdro=
github.com/aws/aws-sdk-go v1.38.54 h1:fsiNnyso3kIWmUdCSYZt/4oodinY6O6biM1CJMsdYpc=
github.com/aws/aws-sdk-go v1.38.54/go.mod h1:hcU610XS61/+aQV88ixoOzUoG7v3b31pl2zKMmprdro=
github.com/aws/aws-sdk-go v1.38.55 h1:1Wv5CE1Zy0hJ6MJUQ1ekFiCsNKBK5W69+towYQ1P4Vs=
github.com/aws/aws-sdk-go v1.38.55/go.mod h1:hcU610XS61/+aQV88ixoOzUoG7v3b31pl2zKMmprdro=
github.com/aws/aws-sdk-go v1.38.56 h1:JI5bnuDfjVLgnBaDHeZO5btxGbYCQ5QA3P0maYtwPQw=
github.com/aws/aws-sdk-go v1.38.56/go.mod h1:hcU610XS61/+aQV88ixoOzUoG7v3b31pl2zKMmprdro=
github.com/aws/aws-sdk-go v1.38.57 h1:Jo6uOnWNbj4jL/8t/XUrHOKm1J6pPcYFhGzda20UcUk=
github.com/aws/aws-sdk-go v1.38.57/go.mod h1:hcU610XS61/+aQV88ixoOzUoG7v3b31pl2zKMmprdro=
github.com/aws/aws-sdk-go v1.38.58 h1:s4BKYcepKuX73xRTSRI3dQCfAM3zwmKgTLvjG/wtBEM=
github.com/aws/aws-sdk-go v1.38.58/go.mod h1:hcU610XS61/+aQV88ixoOzUoG7v3b31pl2zKMmprdro=
github.com/aws/aws-sdk-go v1.38.59 h1:rGEMmHdgXSjA2gkdo8Hdwai9mND5X0i+hZetYfABo7g=
github.com/aws/aws-sdk-go v1.38.59/go.mod h1:hcU610XS61/+aQV88ixoOzUoG7v3b31pl2zKMmprdro=
github.com/aws/aws-sdk-go v1.38.60 h1:MgyEsX0IMwivwth1VwEnesBpH0vxbjp5a0w1lurMOXY=
github.com/aws/aws-sdk-go v1.38.60/go.mod h1:hcU610XS61/+aQV88ixoOzUoG7v3b31pl2zKMmprdro=
github.com/aws/aws-sdk-go v1.38.61 h1:wizuqQZe0K4iYJ+Slrs0aSQ4P94FAwqBUHwk46Iz5UA=
github.com/aws/aws-sdk-go v1.38.61/go.mod h1:hcU610XS61/+aQV88ixoOzUoG7v3b31pl2zKMmprdro=
github.com/aws/aws-sdk-go v1.38.62 h1:w7r48cTciWCJK//YH+oN8HhNXzPDdlucV3XT6KGDMjE=
github.com/aws/aws-sdk-go v1.38.62/go.mod h1:hcU610XS61/+aQV88ixoOzUoG7v3b31pl2zKMmprdro=
github.com/aws/aws-sdk-go v1.38.63 h1:BqPxe0sujTRTbir6OWj0f1VmeJcAIv7ZhTCAhaU1zmE=
github.com/aws/aws-sdk-go v1.38.63/go.mod h1:hcU610XS61/+aQV88ixoOzUoG7v3b31pl2zKMmprdro=
github.com/aws/aws-sdk-go v1.38.64 h1:aE178SZNBpAT9T2U5hacKJiyiRE/Li2Hax6xddVuyGA=
github.com/aws/aws-sdk-go v1.38.64/go.mod h1:hcU610XS61/+aQV88ixoOzUoG7v3b31pl2zKMmprdro=
github.com/aws/aws-sdk-go v1.38.65 h1:umGu5gjIOKxzhi34T0DIA1TWupUDjV2aAW5vK6154Gg=
github.com/aws/aws-sdk-go v1.38.65/go.mod h1:hcU610XS61/+aQV88ixoOzUoG7v3b31pl2zKMmprdro=
github.com/aws/aws-sdk-go v1.38.66 h1:z1nEnVOb0ctiHURel3sFxZdXDrXnG6Fa+Dly3Kb0KVo=
github.com/aws/aws-sdk-go v1.38.66/go.mod h1:hcU610XS61/+aQV88ixoOzUoG7v3b31pl2zKMmprdro=
github.com/aws/aws-sdk-go v1.38.67 h1:OCeXMKiiM8X7HAKPCE5yD+t+sEsRaj8EwDs2tlgvX2c=
github.com/aws/aws-sdk-go v1.38.67/go.mod h1:hcU610XS61/+aQV88ixoOzUoG7v3b31pl2zKMmprdro=
github.com/aws/aws-sdk-go v1.38.68 h1:aOG8geU4SohNp659eKBHRBgbqSrZ6jNZlfimIuJAwL8=
github.com/aws/aws-sdk-go v1.38.68/go.mod h1:hcU610XS61/+aQV88ixoOzUoG7v3b31pl2zKMmprdro=
github.com/aws/aws-sdk-go v1.38.69 h1:V489lmrdkIQSfF6OAGZZ1Cavcm7eczCm2JcGvX+yHRg=
github.com/aws/aws-sdk-go v1.38.69/go.mod h1:hcU610XS61/+aQV88ixoOzUoG7v3b31pl2zKMmprdro=
github.com/aws/aws-sdk-go v1.38.70 h1:EGHVUQzHIxQDF9LwQU22yE9bJd1HuBAWpJYSEnxnnhc=
github.com/aws/aws-sdk-go v1.38.70/go.mod h1:hcU610XS61/+aQV88ixoOzUoG7v3b31pl2zKMmprdro=
github.com/aws/aws-sdk-go v1.38.71 h1:aWhtgoOiDhBCfaAj9XbxzcyvjEAKovbtv7d5mCVBZXw=
github.com/aws/aws-sdk-go v1.38.71/go.mod h1:hcU610XS61/+aQV88ixoOzUoG7v3b31pl2zKMmprdro=
github.com/aws/aws-sdk-go v1.39.0 h1:74BBwkEmiqBbi2CGflEh34l0YNtIibTjZsibGarkNjo=
github.com/aws/aws-sdk-go v1.39.0/go.mod h1:hcU610XS61/+aQV88ixoOzUoG7v3b31pl2zKMmprdro=
github.com/aws/aws-sdk-go v1.39.1 h1:z8Dlu6ZEPIveIh3D3JAbvWvoo2/Xvio3MbLKtIYOCbE=
github.com/aws/aws-sdk-go v1.39.1/go.mod h1:585smgzpB/KqRA+K3y/NL/oYRqQvpNJYvLm+LY1U59Q=
github.com/aws/aws-sdk-go v1.39.2 h1:t+n2j0QfAmGqSQVb1VIGulhSMjfaZ/RqSGlcRKGED9Y=
github.com/aws/aws-sdk-go v1.39.2/go.mod h1:585smgzpB/KqRA+K3y/NL/oYRqQvpNJYvLm+LY1U59Q=
github.com/aws/aws-sdk-go v1.39.3 h1:JMDk7p+AV89MdVy/ZcFWAGivWIE3vXOsRriFjFWVcIY=
github.com/aws/aws-sdk-go v1.39.3/go.mod h1:585smgzpB/KqRA+K3y/NL/oYRqQvpNJYvLm+LY1U59Q=
github.com/aws/aws-sdk-go v1.39.4 h1:nXBChUaG5cinrl3yg4/rUyssOOLH/ohk4S9K03kJirE=
github.com/aws/aws-sdk-go v1.39.4/go.mod h1:585smgzpB/KqRA+K3y/NL/oYRqQvpNJYvLm+LY1U59Q=
github.com/aws/aws-sdk-go v1.39.5 h1:yoJEE1NJxbpZ3CtPxvOSFJ9ByxiXmBTKk8J+XU5ldtg=
github.com/aws/aws-sdk-go v1.39.5/go.mod h1:585smgzpB/KqRA+K3y/NL/oYRqQvpNJYvLm+LY1U59Q=
github.com/aws/aws-sdk-go v1.39.6 h1:7NoOv+XsP/7A6Yaieg8r2+bnPD3ZTARa/5tHl8N8JKY=
github.com/aws/aws-sdk-go v1.39.6/go.mod h1:585smgzpB/KqRA+K3y/NL/oYRqQvpNJYvLm+LY1U59Q=
github.com/aws/aws-sdk-go v1.40.0 h1:nTCSQAeahNt15SOYxuDwJ8XvMhOU3Uqe7eJUPv7+Vsk=
github.com/aws/aws-sdk-go v1.40.0/go.mod h1:585smgzpB/KqRA+K3y/NL/oYRqQvpNJYvLm+LY1U59Q=
github.com/aws/aws-sdk-go v1.40.1 h1:MlWasxqPLnFKZLPdEFzlEtzIdV7044o44YILe6A9zys=
github.com/aws/aws-sdk-go v1.40.1/go.mod h1:585smgzpB/KqRA+K3y/NL/oYRqQvpNJYvLm+LY1U59Q=
github.com/aws/aws-sdk-go v1.40.2 h1:iNaJUKjUeULTsuTGrGbAFG1H5AVSWgo5kwyUDmtJrwk=
github.com/aws/aws-sdk-go v1.40.2/go.mod h1:585smgzpB/KqRA+K3y/NL/oYRqQvpNJYvLm+LY1U59Q=
github.com/aws/aws-sdk-go v1.40.3 h1:NzjcLRsb+C9L1dVPajdNbdzkuPBi0pQJWiQW0eYJGo8=
github.com/aws/aws-sdk-go v1.40.3/go.mod h1:585smgzpB/KqRA+K3y/NL/oYRqQvpNJYvLm+LY1U59Q=
github.com/davecgh/go-spew v1.1.0/go.mod h1:J7Y8YcW2NihsgmVo/mv3lAwl/skON4iLHjSsI+c5H38=
github.com/jmespath/go-jmespath v0.4.0 h1:BEgLn5cpjn8UN1mAw4NjwDrS35OdebyEtFe+9YPoQUg=
github.com/jmespath/go-jmespath v0.4.0/go.mod h1:T8mJZnbsbmF+m6zOOFylbeCJqk5+pHWvzYPziyZiYoo=
github.com/jmespath/go-jmespath/internal/testify v1.5.1/go.mod h1:L3OGu8Wl2/fWfCI6z80xFu9LTZmf1ZRjMHUOPmWr69U=
github.com/pkg/errors v0.9.1/go.mod h1:bwawxfHBFNV+L2hUp1rHADufV3IMtnDRdf1r5NINEl0=
github.com/pmezard/go-difflib v1.0.0/go.mod h1:iKH77koFhYxTK1pcRnkKkqfTogsbg7gZNVY4sRDYZ/4=
github.com/stretchr/objx v0.1.0/go.mod h1:HFkY916IF+rwdDfMAkV7OtwuqBVzrE8GR6GFx+wExME=
golang.org/x/crypto v0.0.0-20190308221718-c2843e01d9a2/go.mod h1:djNgcEr1/C05ACkg1iLfiJU5Ep61QUkGW8qpdssI0+w=
golang.org/x/crypto v0.0.0-20200622213623-75b288015ac9/go.mod h1:LzIPMQfyMNhhGPhUkYOs5KpL4U8rLKemX1yGLhDgUto=
golang.org/x/net v0.0.0-20190404232315-eb5bcb51f2a3/go.mod h1:t9HGtf8HONx5eT2rtn7q6eTqICYqUVnKs3thJo3Qplg=
golang.org/x/net v0.0.0-20201110031124-69a78807bb2b/go.mod h1:sp8m0HH+o8qH0wwXwYZr8TS3Oi6o0r6Gce1SSxlDquU=
golang.org/x/net v0.0.0-20210614182718-04defd469f4e/go.mod h1:9nx3DQGgdP8bBQD5qxJ1jj9UTztislL4KSBs9R2vV5Y=
golang.org/x/sys v0.0.0-20190215142949-d0b11bdaac8a/go.mod h1:STP8DvDyc/dI5b8T5hshtkjS+E42TnysNCUPdjciGhY=
golang.org/x/sys v0.0.0-20190412213103-97732733099d/go.mod h1:h1NjWce9XRLGQEsW7wpKNCjG9DtNlClVuFLEZdDNbEs=
golang.org/x/sys v0.0.0-20200930185726-fdedc70b468f/go.mod h1:h1NjWce9XRLGQEsW7wpKNCjG9DtNlClVuFLEZdDNbEs=
golang.org/x/sys v0.0.0-20201119102817-f84b799fce68/go.mod h1:h1NjWce9XRLGQEsW7wpKNCjG9DtNlClVuFLEZdDNbEs=
golang.org/x/sys v0.0.0-20210423082822-04245dca01da/go.mod h1:h1NjWce9XRLGQEsW7wpKNCjG9DtNlClVuFLEZdDNbEs=
golang.org/x/term v0.0.0-20201126162022-7de9c90e9dd1/go.mod h1:bj7SfCRtBDWHUb9snDiAeCFNEtKQo2Wmx5Cou7ajbmo=
golang.org/x/text v0.3.0/go.mod h1:NqM8EUOU14njkJ3fqMW+pc6Ldnwhi/IjpwHt7yyuwOQ=
golang.org/x/text v0.3.3/go.mod h1:5Zoc/QRtKVWzQhOtBMvqHzDpF6irO9z98xDceosuGiQ=
golang.org/x/text v0.3.6/go.mod h1:5Zoc/QRtKVWzQhOtBMvqHzDpF6irO9z98xDceosuGiQ=
golang.org/x/tools v0.0.0-20180917221912-90fa682c2a6e/go.mod h1:n7NCudcB/nEzxVGmLbDWY5pfWTLqBcC2KZ6jyYvM4mQ=
gopkg.in/check.v1 v0.0.0-20161208181325-20d25e280405/go.mod h1:Co6ibVJAznAaIkqp8huTwlJQCZ016jof/cbN4VW5Yz0=
gopkg.in/yaml.v2 v2.2.8/go.mod h1:hI93XBmqTisBFMUTm0b8Fm+jr3Dg1NNxqwp+5A1VGuI=
